
Microsoft Visual Studio Solution File, Format Version 12.00
# Visual Studio 15
VisualStudioVersion = 15.0.28307.852
MinimumVisualStudioVersion = 10.0.40219.1
Project("{FAE04EC0-301F-11D3-BF4B-00C04F79EFBC}") = "GUI", "GUI\GUI.csproj", "{0856F31C-6D55-4642-ACB8-FAA88C87A08E}"
EndProject
Global
	GlobalSection(SolutionConfigurationPlatforms) = preSolution
		Debug|Any CPU = Debug|Any CPU
		Release|Any CPU = Release|Any CPU
	EndGlobalSection
	GlobalSection(ProjectConfigurationPlatforms) = postSolution
		{0856F31C-6D55-4642-ACB8-FAA88C87A08E}.Debug|Any CPU.ActiveCfg = Debug|Any CPU
		{0856F31C-6D55-4642-ACB8-FAA88C87A08E}.Debug|Any CPU.Build.0 = Debug|Any CPU
		{0856F31C-6D55-4642-ACB8-FAA88C87A08E}.Release|Any CPU.ActiveCfg = Release|Any CPU
		{0856F31C-6D55-4642-ACB8-FAA88C87A08E}.Release|Any CPU.Build.0 = Release|Any CPU
	EndGlobalSection
	GlobalSection(SolutionProperties) = preSolution
		HideSolutionNode = FALSE
	EndGlobalSection
	GlobalSection(ExtensibilityGlobals) = postSolution
		SolutionGuid = {5D936F7F-BB7C-4C95-B9EF-F34363E17AB0}
	EndGlobalSection
EndGlobal
